
Microsoft Visual Studio Solution File, Format Version 12.00
# Visual Studio Version 17
VisualStudioVersion = 17.7.34018.315
MinimumVisualStudioVersion = 10.0.40219.1
Project("{FAE04EC0-301F-11D3-BF4B-00C04F79EFBC}") = "WpfApp1", "WpfApp1.csproj", "{401FCCE4-4A50-41D8-AF93-A86B4ECAB4BB}"
EndProject
Global
	GlobalSection(SolutionConfigurationPlatforms) = preSolution
		Debug|Any CPU = Debug|Any CPU
		Release|Any CPU = Release|Any CPU
	EndGlobalSection
	GlobalSection(ProjectConfigurationPlatforms) = postSolution
		{401FCCE4-4A50-41D8-AF93-A86B4ECAB4BB}.Debug|Any CPU.ActiveCfg = Debug|Any CPU
		{401FCCE4-4A50-41D8-AF93-A86B4ECAB4BB}.Debug|Any CPU.Build.0 = Debug|Any CPU
		{401FCCE4-4A50-41D8-AF93-A86B4ECAB4BB}.Release|Any CPU.ActiveCfg = Release|Any CPU
		{401FCCE4-4A50-41D8-AF93-A86B4ECAB4BB}.Release|Any CPU.Build.0 = Release|Any CPU
	EndGlobalSection
	GlobalSection(SolutionProperties) = preSolution
		HideSolutionNode = FALSE
	EndGlobalSection
	GlobalSection(ExtensibilityGlobals) = postSolution
		SolutionGuid = {5A1D79D1-6043-4594-8381-1141C725A1CE}
	EndGlobalSection
EndGlobal
